Microsoft Visual Studio Solution File, Format Version 12.00
# Visual Studio 2012
Project("{FAE04EC0-301F-11D3-BF4B-00C04F79EFBC}") = "Godot Node Extensions", "Godot Node Extensions.csproj", "{A022362D-7E36-4732-907F-3A94FD563388}"
EndProject
Global
	GlobalSection(SolutionConfigurationPlatforms) = preSolution
	Debug|Any CPU = Debug|Any CPU
	ExportDebug|Any CPU = ExportDebug|Any CPU
	ExportRelease|Any CPU = ExportRelease|Any CPU
	EndGlobalSection
	GlobalSection(ProjectConfigurationPlatforms) = postSolution
		{A022362D-7E36-4732-907F-3A94FD563388}.Debug|Any CPU.ActiveCfg = Debug|Any CPU
		{A022362D-7E36-4732-907F-3A94FD563388}.Debug|Any CPU.Build.0 = Debug|Any CPU
		{A022362D-7E36-4732-907F-3A94FD563388}.ExportDebug|Any CPU.ActiveCfg = ExportDebug|Any CPU
		{A022362D-7E36-4732-907F-3A94FD563388}.ExportDebug|Any CPU.Build.0 = ExportDebug|Any CPU
		{A022362D-7E36-4732-907F-3A94FD563388}.ExportRelease|Any CPU.ActiveCfg = ExportRelease|Any CPU
		{A022362D-7E36-4732-907F-3A94FD563388}.ExportRelease|Any CPU.Build.0 = ExportRelease|Any CPU
	EndGlobalSection
EndGlobal
